GEM
  remote: https://gem.coop/
  specs:
    addressable (2.8.8)
      public_suffix (>= 2.0.2, < 8.0)
    bigdecimal (4.0.1)
    buftok (0.2.0)
    coffee-script (2.4.1)
      coffee-script-source
      execjs
    coffee-script-source (1.12.2)
    concurrent-ruby (1.3.6)
    daemons (1.4.1)
    domain_name (0.6.20240107)
    dotenv (3.2.0)
    et-orbi (1.4.0)
      tzinfo
    eventmachine (1.2.7)
    execjs (2.10.0)
    faraday (2.14.1)
      faraday-net_http (>= 2.0, < 3.5)
      json
      logger
    faraday-net_http (3.4.2)
      net-http (~> 0.5)
    ffi (1.17.3)
    fugit (1.12.1)
      et-orbi (~> 1.4)
      raabro (~> 1.4)
    haml (5.2.2)
      temple (>= 0.8.0)
      tilt
    http (3.3.0)
      addressable (~> 2.3)
      http-cookie (~> 1.0)
      http-form_data (~> 2.0)
      http_parser.rb (~> 0.6.0)
    http-cookie (1.1.0)
      domain_name (~> 0.5)
    http-form_data (2.3.0)
    http_parser.rb (0.6.0)
    json (2.18.1)
    logger (1.7.0)
    mastodon-api (2.0.0)
      addressable (~> 2.6)
      buftok (~> 0)
      http (~> 3.3)
      oj (~> 3.7)
    mini_portile2 (2.8.9)
    mqtt (0.7.0)
      logger
    multi_json (1.19.1)
    mustermann (2.0.2)
      ruby2_keywords (~> 0.0.1)
    net-http (0.9.1)
      uri (>= 0.11.1)
    net-ping (2.0.8)
    nokogiri (1.19.0)
      mini_portile2 (~> 2.8.2)
      racc (~> 1.4)
    oj (3.16.15)
      bigdecimal (>= 3.0)
      ostruct (>= 0.2)
    ostruct (0.6.3)
    prometheus-api-client (0.6.4)
      faraday (>= 2.0.0, < 3.0.0)
    public_suffix (7.0.2)
    raabro (1.4.0)
    racc (1.8.1)
    rack (2.2.21)
    rack-protection (2.2.4)
      rack
    rexml (3.4.4)
    ruby2_keywords (0.0.5)
    rufus-scheduler (3.9.2)
      fugit (~> 1.1, >= 1.11.1)
    sassc (2.4.0)
      ffi (~> 1.9)
    sentry-ruby (6.3.1)
      bigdecimal
      concurrent-ruby (~> 1.0, >= 1.0.2)
      logger
    sinatra (2.2.4)
      mustermann (~> 2.0)
      rack (~> 2.2)
      rack-protection (= 2.2.4)
      tilt (~> 2.0)
    sinatra-contrib (2.2.4)
      multi_json
      mustermann (~> 2.0)
      rack-protection (= 2.2.4)
      sinatra (= 2.2.4)
      tilt (~> 2.0)
    smashing (1.3.6)
      coffee-script (~> 2.4)
      execjs (~> 2.7)
      rack (>= 2.2, < 4.0)
      rufus-scheduler (~> 3.6)
      sassc (~> 2.0)
      sinatra (~> 2.2)
      sinatra-contrib (~> 2.0)
      sprockets (~> 4.0)
      thin (~> 1.7)
      thor (~> 1.0)
    sprockets (4.2.2)
      concurrent-ruby (~> 1.0)
      logger
      rack (>= 2.2.4, < 4)
    temple (0.10.4)
    thin (1.8.2)
      daemons (~> 1.0, >= 1.0.9)
      eventmachine (~> 1.0, >= 1.0.4)
      rack (>= 1, < 3)
    thor (1.5.0)
    tilt (2.7.0)
    tzinfo (2.0.6)
      concurrent-ruby (~> 1.0)
    uri (1.1.1)
    xml-simple (1.1.9)
      rexml

PLATFORMS
  ruby

DEPENDENCIES
  dotenv
  haml (~> 5)
  json
  mastodon-api
  mqtt
  net-ping
  nokogiri
  prometheus-api-client
  sentry-ruby
  smashing
  xml-simple

BUNDLED WITH
   2.4.19
